
Microsoft Visual Studio Solution File, Format Version 12.00
# Visual Studio Version 17
VisualStudioVersion = 17.0.32126.317
MinimumVisualStudioVersion = 10.0.40219.1
Project("{FAE04EC0-301F-11D3-BF4B-00C04F79EFBC}") = "Q 21", "Q 21\Q 21.csproj", "{8BB4A257-EC88-4944-A61E-EB92DDD6AC42}"
EndProject
Global
	GlobalSection(SolutionConfigurationPlatforms) = preSolution
		Debug|Any CPU = Debug|Any CPU
		Release|Any CPU = Release|Any CPU
	EndGlobalSection
	GlobalSection(ProjectConfigurationPlatforms) = postSolution
		{8BB4A257-EC88-4944-A61E-EB92DDD6AC42}.Debug|Any CPU.ActiveCfg = Debug|Any CPU
		{8BB4A257-EC88-4944-A61E-EB92DDD6AC42}.Debug|Any CPU.Build.0 = Debug|Any CPU
		{8BB4A257-EC88-4944-A61E-EB92DDD6AC42}.Release|Any CPU.ActiveCfg = Release|Any CPU
		{8BB4A257-EC88-4944-A61E-EB92DDD6AC42}.Release|Any CPU.Build.0 = Release|Any CPU
	EndGlobalSection
	GlobalSection(SolutionProperties) = preSolution
		HideSolutionNode = FALSE
	EndGlobalSection
	GlobalSection(ExtensibilityGlobals) = postSolution
		SolutionGuid = {6E70BD7C-5BBE-4713-A324-11B5D7DA572D}
	EndGlobalSection
EndGlobal
